{
  "name": "barbershop_txt",
  "lockfileVersion": 2,
  "requires": true,
  "packages": {
    "": {
      "dependencies": {
        "jquery-simplecolorpicker": "^0.3.1"
      }
    },
    "node_modules/jquery-simplecolorpicker": {
      "version": "0.3.1",
      "resolved": "https://registry.npmjs.org/jquery-simplecolorpicker/-/jquery-simplecolorpicker-0.3.1.tgz",
      "integrity": "sha1-T2vv04CrBUcPWF1UguUYBVbkYOs="
    }
  },
  "dependencies": {
    "jquery-simplecolorpicker": {
      "version": "0.3.1",
      "resolved": "https://registry.npmjs.org/jquery-simplecolorpicker/-/jquery-simplecolorpicker-0.3.1.tgz",
      "integrity": "sha1-T2vv04CrBUcPWF1UguUYBVbkYOs="
    }
  }
}
